Microsoft Visual Studio Solution File, Format Version 12.00
# Visual Studio 15
VisualStudioVersion = 15.0.27004.2008
MinimumVisualStudioVersion = 10.0.40219.1
Project("{9A19103F-16F7-4668-BE54-9A1E7A4F7556}") = "test5", "test5\test5.csproj", "{8BDD7557-397F-4A1C-A830-FE06B9A4E043}"
EndProject
Project("{2150E333-8FDC-42A3-9474-1A3956D46DE8}") = "Solution Items", "Solution Items", "{E865B5DD-15BB-4A72-AA08-64946ECC9BB6}"
	ProjectSection(SolutionItems) = preProject
		Performance1.psess = Performance1.psess
	EndProjectSection
EndProject
Global
	GlobalSection(Performance) = preSolution
		HasPerformanceSessions = true
	EndGlobalSection
	GlobalSection(SolutionConfigurationPlatforms) = preSolution
		Debug|Any CPU = Debug|Any CPU
		Release|Any CPU = Release|Any CPU
	EndGlobalSection
	GlobalSection(ProjectConfigurationPlatforms) = postSolution
		{8BDD7557-397F-4A1C-A830-FE06B9A4E043}.Debug|Any CPU.ActiveCfg = Debug|Any CPU
		{8BDD7557-397F-4A1C-A830-FE06B9A4E043}.Debug|Any CPU.Build.0 = Debug|Any CPU
		{8BDD7557-397F-4A1C-A830-FE06B9A4E043}.Release|Any CPU.ActiveCfg = Release|Any CPU
		{8BDD7557-397F-4A1C-A830-FE06B9A4E043}.Release|Any CPU.Build.0 = Release|Any CPU
	EndGlobalSection
	GlobalSection(SolutionProperties) = preSolution
		HideSolutionNode = FALSE
	EndGlobalSection
	GlobalSection(ExtensibilityGlobals) = postSolution
		SolutionGuid = {67DA0EFA-AF81-490B-90B8-7438CBC1421B}
	EndGlobalSection
EndGlobal
